
Microsoft Visual Studio Solution File, Format Version 12.00
# Visual Studio 15
VisualStudioVersion = 15.0.28307.1145
MinimumVisualStudioVersion = 10.0.40219.1
Project("{2150E333-8FDC-42A3-9474-1A3956D46DE8}") = "Solution Items", "Solution Items", "{9D0FABDE-B77B-423F-8D6C-87EB108F1CCA}"
	ProjectSection(SolutionItems) = preProject
		..\Nuget.config = ..\Nuget.config
	EndProjectSection
EndProject
Project("{2150E333-8FDC-42A3-9474-1A3956D46DE8}") = "02.Servers", "02.Servers", "{EF782636-3A8D-4A10-9D27-9B531C2D99B3}"
EndProject
Project("{2150E333-8FDC-42A3-9474-1A3956D46DE8}") = "01.Clients", "01.Clients", "{A4065428-B381-40D2-BBC6-281F3216CCA5}"
EndProject
Project("{2150E333-8FDC-42A3-9474-1A3956D46DE8}") = "01.Presentation", "01.Presentation", "{2897CF88-3CC0-4D64-B38A-41FFAA49081A}"
EndProject
Project("{2150E333-8FDC-42A3-9474-1A3956D46DE8}") = "03.Services", "03.Services", "{85EF010F-2E9C-4F6D-835F-DDA306C24547}"
EndProject
Project("{2150E333-8FDC-42A3-9474-1A3956D46DE8}") = "07.Repositories", "07.Repositories", "{CABD0DFC-4FA8-4EBE-948A-C2786CB06A06}"
EndProject
Project("{2150E333-8FDC-42A3-9474-1A3956D46DE8}") = "05.IntergratedServices", "05.IntergratedServices", "{897C7325-5E51-4E8C-83E6-76ACD0DBA78E}"
EndProject
Project("{2150E333-8FDC-42A3-9474-1A3956D46DE8}") = "03.Commons", "03.Commons", "{B7FEE704-9249-48AE-A9B1-DBEEAADF85E9}"
EndProject
Project("{2150E333-8FDC-42A3-9474-1A3956D46DE8}") = "02.Domain", "02.Domain", "{FD1F18B2-4DAE-46C6-B316-7799CB570363}"
EndProject
Project("{2150E333-8FDC-42A3-9474-1A3956D46DE8}") = "06.Foundations", "06.Foundations", "{191882EE-8B5A-4B62-A4D7-9DAE63A489F0}"
EndProject
Project("{2150E333-8FDC-42A3-9474-1A3956D46DE8}") = "04.CustomizedServices", "04.CustomizedServices", "{F2766A24-35DA-4E4C-894E-1CBEFE23493D}"
EndProject
Project("{FAE04EC0-301F-11D3-BF4B-00C04F79EFBC}") = "Iguana.EHR", "01.Clients\Desktop\Iguana.EHR\Iguana.EHR.csproj", "{7774AF36-C617-4616-9D4F-3E1E72498EBB}"
EndProject
Project("{FAE04EC0-301F-11D3-BF4B-00C04F79EFBC}") = "Iguana.EHR.Controls", "01.Clients\Desktop\Iguana.EHR.Controls\Iguana.EHR.Controls.csproj", "{8DC79E0C-4AE1-4297-A0E9-16B1E0818CDF}"
EndProject
Project("{FAE04EC0-301F-11D3-BF4B-00C04F79EFBC}") = "Iguana.EHR.Controls.BasicControls", "01.Clients\Desktop\Iguana.EHR.Controls.BasicControls\Iguana.EHR.Controls.BasicControls.csproj", "{2C8EFC17-1DB2-40FB-A0AC-77FCE72322FE}"
EndProject
Project("{FAE04EC0-301F-11D3-BF4B-00C04F79EFBC}") = "Iguana.EHR.Controls.BasicForms", "01.Clients\Desktop\Iguana.EHR.Controls.BasicForms\Iguana.EHR.Controls.BasicForms.csproj", "{58ED2FDB-35D1-46CC-B8B8-2952C6BCCC8C}"
EndProject
Project("{FAE04EC0-301F-11D3-BF4B-00C04F79EFBC}") = "Iguana.EHR.Controls.Forms", "01.Clients\Desktop\Iguana.EHR.Controls.Forms\Iguana.EHR.Controls.Forms.csproj", "{5D3FF161-236B-439F-9EBD-B4D9D9037B64}"
EndProject
Project("{FAE04EC0-301F-11D3-BF4B-00C04F79EFBC}") = "Iguana.EHR.Controls.BusinessControls", "01.Clients\Desktop\Iguana.EHR.Controls.BusinessControls\Iguana.EHR.Controls.BusinessControls.csproj", "{6A6454FE-B702-4B1B-A677-3F23CA31DECB}"
EndProject
Project("{FAE04EC0-301F-11D3-BF4B-00C04F79EFBC}") = "Iguana.EHR.Core", "03.Common\Iguana.EHR.Core\Iguana.EHR.Core.csproj", "{09A21A5F-D374-47D5-BDBC-9DB2626E710C}"
EndProject
Project("{FAE04EC0-301F-11D3-BF4B-00C04F79EFBC}") = "Iguana.EHR.Controls.CustomizedControls", "01.Clients\Desktop\Iguana.EHR.Controls.CustomizedControls\Iguana.EHR.Controls.CustomizedControls.csproj", "{28E5A652-3790-4D67-B1CF-77A2783F874E}"
EndProject
Global
	GlobalSection(SolutionConfigurationPlatforms) = preSolution
		Debug|Any CPU = Debug|Any CPU
		Release|Any CPU = Release|Any CPU
	EndGlobalSection
	GlobalSection(ProjectConfigurationPlatforms) = postSolution
		{7774AF36-C617-4616-9D4F-3E1E72498EBB}.Debug|Any CPU.ActiveCfg = Debug|Any CPU
		{7774AF36-C617-4616-9D4F-3E1E72498EBB}.Debug|Any CPU.Build.0 = Debug|Any CPU
		{7774AF36-C617-4616-9D4F-3E1E72498EBB}.Release|Any CPU.ActiveCfg = Release|Any CPU
		{7774AF36-C617-4616-9D4F-3E1E72498EBB}.Release|Any CPU.Build.0 = Release|Any CPU
		{8DC79E0C-4AE1-4297-A0E9-16B1E0818CDF}.Debug|Any CPU.ActiveCfg = Debug|Any CPU
		{8DC79E0C-4AE1-4297-A0E9-16B1E0818CDF}.Debug|Any CPU.Build.0 = Debug|Any CPU
		{8DC79E0C-4AE1-4297-A0E9-16B1E0818CDF}.Release|Any CPU.ActiveCfg = Release|Any CPU
		{8DC79E0C-4AE1-4297-A0E9-16B1E0818CDF}.Release|Any CPU.Build.0 = Release|Any CPU
		{2C8EFC17-1DB2-40FB-A0AC-77FCE72322FE}.Debug|Any CPU.ActiveCfg = Debug|Any CPU
		{2C8EFC17-1DB2-40FB-A0AC-77FCE72322FE}.Debug|Any CPU.Build.0 = Debug|Any CPU
		{2C8EFC17-1DB2-40FB-A0AC-77FCE72322FE}.Release|Any CPU.ActiveCfg = Release|Any CPU
		{2C8EFC17-1DB2-40FB-A0AC-77FCE72322FE}.Release|Any CPU.Build.0 = Release|Any CPU
		{58ED2FDB-35D1-46CC-B8B8-2952C6BCCC8C}.Debug|Any CPU.ActiveCfg = Debug|Any CPU
		{58ED2FDB-35D1-46CC-B8B8-2952C6BCCC8C}.Debug|Any CPU.Build.0 = Debug|Any CPU
		{58ED2FDB-35D1-46CC-B8B8-2952C6BCCC8C}.Release|Any CPU.ActiveCfg = Release|Any CPU
		{58ED2FDB-35D1-46CC-B8B8-2952C6BCCC8C}.Release|Any CPU.Build.0 = Release|Any CPU
		{5D3FF161-236B-439F-9EBD-B4D9D9037B64}.Debug|Any CPU.ActiveCfg = Debug|Any CPU
		{5D3FF161-236B-439F-9EBD-B4D9D9037B64}.Debug|Any CPU.Build.0 = Debug|Any CPU
		{5D3FF161-236B-439F-9EBD-B4D9D9037B64}.Release|Any CPU.ActiveCfg = Release|Any CPU
		{5D3FF161-236B-439F-9EBD-B4D9D9037B64}.Release|Any CPU.Build.0 = Release|Any CPU
		{6A6454FE-B702-4B1B-A677-3F23CA31DECB}.Debug|Any CPU.ActiveCfg = Debug|Any CPU
		{6A6454FE-B702-4B1B-A677-3F23CA31DECB}.Debug|Any CPU.Build.0 = Debug|Any CPU
		{6A6454FE-B702-4B1B-A677-3F23CA31DECB}.Release|Any CPU.ActiveCfg = Release|Any CPU
		{6A6454FE-B702-4B1B-A677-3F23CA31DECB}.Release|Any CPU.Build.0 = Release|Any CPU
		{09A21A5F-D374-47D5-BDBC-9DB2626E710C}.Debug|Any CPU.ActiveCfg = Debug|Any CPU
		{09A21A5F-D374-47D5-BDBC-9DB2626E710C}.Debug|Any CPU.Build.0 = Debug|Any CPU
		{09A21A5F-D374-47D5-BDBC-9DB2626E710C}.Release|Any CPU.ActiveCfg = Release|Any CPU
		{09A21A5F-D374-47D5-BDBC-9DB2626E710C}.Release|Any CPU.Build.0 = Release|Any CPU
		{28E5A652-3790-4D67-B1CF-77A2783F874E}.Debug|Any CPU.ActiveCfg = Debug|Any CPU
		{28E5A652-3790-4D67-B1CF-77A2783F874E}.Debug|Any CPU.Build.0 = Debug|Any CPU
		{28E5A652-3790-4D67-B1CF-77A2783F874E}.Release|Any CPU.ActiveCfg = Release|Any CPU
		{28E5A652-3790-4D67-B1CF-77A2783F874E}.Release|Any CPU.Build.0 = Release|Any CPU
	EndGlobalSection
	GlobalSection(SolutionProperties) = preSolution
		HideSolutionNode = FALSE
	EndGlobalSection
	GlobalSection(NestedProjects) = preSolution
		{2897CF88-3CC0-4D64-B38A-41FFAA49081A} = {EF782636-3A8D-4A10-9D27-9B531C2D99B3}
		{85EF010F-2E9C-4F6D-835F-DDA306C24547} = {EF782636-3A8D-4A10-9D27-9B531C2D99B3}
		{CABD0DFC-4FA8-4EBE-948A-C2786CB06A06} = {EF782636-3A8D-4A10-9D27-9B531C2D99B3}
		{897C7325-5E51-4E8C-83E6-76ACD0DBA78E} = {EF782636-3A8D-4A10-9D27-9B531C2D99B3}
		{FD1F18B2-4DAE-46C6-B316-7799CB570363} = {EF782636-3A8D-4A10-9D27-9B531C2D99B3}
		{191882EE-8B5A-4B62-A4D7-9DAE63A489F0} = {EF782636-3A8D-4A10-9D27-9B531C2D99B3}
		{F2766A24-35DA-4E4C-894E-1CBEFE23493D} = {EF782636-3A8D-4A10-9D27-9B531C2D99B3}
		{7774AF36-C617-4616-9D4F-3E1E72498EBB} = {A4065428-B381-40D2-BBC6-281F3216CCA5}
		{8DC79E0C-4AE1-4297-A0E9-16B1E0818CDF} = {A4065428-B381-40D2-BBC6-281F3216CCA5}
		{2C8EFC17-1DB2-40FB-A0AC-77FCE72322FE} = {A4065428-B381-40D2-BBC6-281F3216CCA5}
		{58ED2FDB-35D1-46CC-B8B8-2952C6BCCC8C} = {A4065428-B381-40D2-BBC6-281F3216CCA5}
		{5D3FF161-236B-439F-9EBD-B4D9D9037B64} = {A4065428-B381-40D2-BBC6-281F3216CCA5}
		{6A6454FE-B702-4B1B-A677-3F23CA31DECB} = {A4065428-B381-40D2-BBC6-281F3216CCA5}
		{09A21A5F-D374-47D5-BDBC-9DB2626E710C} = {B7FEE704-9249-48AE-A9B1-DBEEAADF85E9}
		{28E5A652-3790-4D67-B1CF-77A2783F874E} = {A4065428-B381-40D2-BBC6-281F3216CCA5}
	EndGlobalSection
	GlobalSection(ExtensibilityGlobals) = postSolution
		SolutionGuid = {BD189041-B8B0-44B9-AA46-81C23112B6FF}
	EndGlobalSection
EndGlobal
